
Microsoft Visual Studio Solution File, Format Version 12.00
# Visual Studio Version 17
VisualStudioVersion = 17.13.35931.197 d17.13
MinimumVisualStudioVersion = 10.0.40219.1
Project("{FAE04EC0-301F-11D3-BF4B-00C04F79EFBC}") = "finaltask", "finaltask\finaltask.csproj", "{88323D3A-4A8B-48DA-8545-0CB9A672ED8D}"
EndProject
Global
	GlobalSection(SolutionConfigurationPlatforms) = preSolution
		Debug|Any CPU = Debug|Any CPU
		Release|Any CPU = Release|Any CPU
	EndGlobalSection
	GlobalSection(ProjectConfigurationPlatforms) = postSolution
		{88323D3A-4A8B-48DA-8545-0CB9A672ED8D}.Debug|Any CPU.ActiveCfg = Debug|Any CPU
		{88323D3A-4A8B-48DA-8545-0CB9A672ED8D}.Debug|Any CPU.Build.0 = Debug|Any CPU
		{88323D3A-4A8B-48DA-8545-0CB9A672ED8D}.Release|Any CPU.ActiveCfg = Release|Any CPU
		{88323D3A-4A8B-48DA-8545-0CB9A672ED8D}.Release|Any CPU.Build.0 = Release|Any CPU
	EndGlobalSection
	GlobalSection(SolutionProperties) = preSolution
		HideSolutionNode = FALSE
	EndGlobalSection
	GlobalSection(ExtensibilityGlobals) = postSolution
		SolutionGuid = {4D73DCA3-A852-4ADB-AF85-B409193926E0}
	EndGlobalSection
EndGlobal
